// !$*UTF8*$!
{
	archiveVersion = 1;
	classes = {
	};
	objectVersion = 50;
	objects = {

/* Begin PBXBuildFile section */
		1A68A3C5254A69210048E54F /* AppDelegate.swift in Sources */ = {isa = PBXBuildFile; fileRef = 1A68A3C4254A69210048E54F /* AppDelegate.swift */; };
		1A68A3C7254A69210048E54F /* SceneDelegate.swift in Sources */ = {isa = PBXBuildFile; fileRef = 1A68A3C6254A69210048E54F /* SceneDelegate.swift */; };
		1A68A3C9254A69210048E54F /* ViewController.swift in Sources */ = {isa = PBXBuildFile; fileRef = 1A68A3C8254A69210048E54F /* ViewController.swift */; };
		1A68A3CC254A69210048E54F /* Main.storyboard in Resources */ = {isa = PBXBuildFile; fileRef = 1A68A3CA254A69210048E54F /* Main.storyboard */; };
		1A68A3CE254A69240048E54F /* Assets.xcassets in Resources */ = {isa = PBXBuildFile; fileRef = 1A68A3CD254A69240048E54F /* Assets.xcassets */; };
		1A68A3D1254A69240048E54F /* LaunchScreen.storyboard in Resources */ = {isa = PBXBuildFile; fileRef = 1A68A3CF254A69240048E54F /* LaunchScreen.storyboard */; };
		1A68A3DA254A6ADC0048E54F /* TrackingBridge.framework in Frameworks */ = {isa = PBXBuildFile; fileRef = 1A68A3D9254A6ADC0048E54F /* TrackingBridge.framework */; };
		1A68A3DB254A6ADC0048E54F /* TrackingBridge.framework in Embed Frameworks */ = {isa = PBXBuildFile; fileRef = 1A68A3D9254A6ADC0048E54F /* TrackingBridge.framework */; settings = {ATTRIBUTES = (CodeSignOnCopy, RemoveHeadersOnCopy, ); }; };
/* End PBXBuildFile section */

/* Begin PBXCopyFilesBuildPhase section */
		1A68A3DC254A6ADC0048E54F /* Embed Frameworks */ = {
			isa = PBXCopyFilesBuildPhase;
			buildActionMask = 2147483647;
			dstPath = "";
			dstSubfolderSpec = 10;
			files = (
				1A68A3DB254A6ADC0048E54F /* TrackingBridge.framework in Embed Frameworks */,
			);
			name = "Embed Frameworks";
			runOnlyForDeploymentPostprocessing = 0;
		};
/* End PBXCopyFilesBuildPhase section */

/* Begin PBXFileReference section */
		1A68A3C1254A69210048E54F /* SuperAppDemo.app */ = {isa = PBXFileReference; explicitFileType = wrapper.application; includeInIndex = 0; path = SuperAppDemo.app; sourceTree = BUILT_PRODUCTS_DIR; };
		1A68A3C4254A69210048E54F /* AppDelegate.swift */ = {isa = PBXFileReference; lastKnownFileType = sourcecode.swift; path = AppDelegate.swift; sourceTree = "<group>"; };
		1A68A3C6254A69210048E54F /* SceneDelegate.swift */ = {isa = PBXFileReference; lastKnownFileType = sourcecode.swift; path = SceneDelegate.swift; sourceTree = "<group>"; };
		1A68A3C8254A69210048E54F /* ViewController.swift */ = {isa = PBXFileReference; lastKnownFileType = sourcecode.swift; path = ViewController.swift; sourceTree = "<group>"; };
		1A68A3CB254A69210048E54F /* Base */ = {isa = PBXFileReference; lastKnownFileType = file.storyboard; name = Base; path = Base.lproj/Main.storyboard; sourceTree = "<group>"; };
		1A68A3CD254A69240048E54F /* Assets.xcassets */ = {isa = PBXFileReference; lastKnownFileType = folder.assetcatalog; path = Assets.xcassets; sourceTree = "<group>"; };
		1A68A3D0254A69240048E54F /* Base */ = {isa = PBXFileReference; lastKnownFileType = file.storyboard; name = Base; path = Base.lproj/LaunchScreen.storyboard; sourceTree = "<group>"; };
		1A68A3D2254A69240048E54F /* Info.plist */ = {isa = PBXFileReference; lastKnownFileType = text.plist.xml; path = Info.plist; sourceTree = "<group>"; };
		1A68A3D9254A6ADC0048E54F /* TrackingBridge.framework */ = {isa = PBXFileReference; explicitFileType = wrapper.framework; path = TrackingBridge.framework; sourceTree = BUILT_PRODUCTS_DIR; };
/* End PBXFileReference section */

/* Begin PBXFrameworksBuildPhase section */
		1A68A3BE254A69210048E54F /* Frameworks */ = {
			isa = PBXFrameworksBuildPhase;
			buildActionMask = 2147483647;
			files = (
				1A68A3DA254A6ADC0048E54F /* TrackingBridge.framework in Frameworks */,
			);
			runOnlyForDeploymentPostprocessing = 0;
		};
/* End PBXFrameworksBuildPhase section */

/* Begin PBXGroup section */
		1A68A3B8254A69210048E54F = {
			isa = PBXGroup;
			children = (
				1A68A3C3254A69210048E54F /* SuperAppDemo */,
				1A68A3C2254A69210048E54F /* Products */,
				1A68A3D8254A6ADC0048E54F /* Frameworks */,
			);
			sourceTree = "<group>";
		};
		1A68A3C2254A69210048E54F /* Products */ = {
			isa = PBXGroup;
			children = (
				1A68A3C1254A69210048E54F /* SuperAppDemo.app */,
			);
			name = Products;
			sourceTree = "<group>";
		};
		1A68A3C3254A69210048E54F /* SuperAppDemo */ = {
			isa = PBXGroup;
			children = (
				1A68A3C4254A69210048E54F /* AppDelegate.swift */,
				1A68A3C6254A69210048E54F /* SceneDelegate.swift */,
				1A68A3C8254A69210048E54F /* ViewController.swift */,
				1A68A3CA254A69210048E54F /* Main.storyboard */,
				1A68A3CD254A69240048E54F /* Assets.xcassets */,
				1A68A3CF254A69240048E54F /* LaunchScreen.storyboard */,
				1A68A3D2254A69240048E54F /* Info.plist */,
			);
			path = SuperAppDemo;
			sourceTree = "<group>";
		};
		1A68A3D8254A6ADC0048E54F /* Frameworks */ = {
			isa = PBXGroup;
			children = (
				1A68A3D9254A6ADC0048E54F /* TrackingBridge.framework */,
			);
			name = Frameworks;
			sourceTree = "<group>";
		};
/* End PBXGroup section */

/* Begin PBXNativeTarget section */
		1A68A3C0254A69210048E54F /* SuperAppDemo */ = {
			isa = PBXNativeTarget;
			buildConfigurationList = 1A68A3D5254A69240048E54F /* Build configuration list for PBXNativeTarget "SuperAppDemo" */;
			buildPhases = (
				1A68A3BD254A69210048E54F /* Sources */,
				1A68A3BE254A69210048E54F /* Frameworks */,
				1A68A3BF254A69210048E54F /* Resources */,
				1A68A3DC254A6ADC0048E54F /* Embed Frameworks */,
			);
			buildRules = (
			);
			dependencies = (
			);
			name = SuperAppDemo;
			productName = SuperAppDemo;
			productReference = 1A68A3C1254A69210048E54F /* SuperAppDemo.app */;
			productType = "com.apple.product-type.application";
		};
/* End PBXNativeTarget section */

/* Begin PBXProject section */
		1A68A3B9254A69210048E54F /* Project object */ = {
			isa = PBXProject;
			attributes = {
				LastSwiftUpdateCheck = 1160;
				LastUpgradeCheck = 1160;
				ORGANIZATIONNAME = "Tung Nguyen";
				TargetAttributes = {
					1A68A3C0254A69210048E54F = {
						CreatedOnToolsVersion = 11.6;
					};
				};
			};
			buildConfigurationList = 1A68A3BC254A69210048E54F /* Build configuration list for PBXProject "SuperAppDemo" */;
			compatibilityVersion = "Xcode 9.3";
			developmentRegion = en;
			hasScannedForEncodings = 0;
			knownRegions = (
				en,
				Base,
			);
			mainGroup = 1A68A3B8254A69210048E54F;
			productRefGroup = 1A68A3C2254A69210048E54F /* Products */;
			projectDirPath = "";
			projectRoot = "";
			targets = (
				1A68A3C0254A69210048E54F /* SuperAppDemo */,
			);
		};
/* End PBXProject section */

/* Begin PBXResourcesBuildPhase section */
		1A68A3BF254A69210048E54F /* Resources */ = {
			isa = PBXResourcesBuildPhase;
			buildActionMask = 2147483647;
			files = (
				1A68A3D1254A69240048E54F /* LaunchScreen.storyboard in Resources */,
				1A68A3CE254A69240048E54F /* Assets.xcassets in Resources */,
				1A68A3CC254A69210048E54F /* Main.storyboard in Resources */,
			);
			runOnlyForDeploymentPostprocessing = 0;
		};
/* End PBXResourcesBuildPhase section */

/* Begin PBXSourcesBuildPhase section */
		1A68A3BD254A69210048E54F /* Sources */ = {
			isa = PBXSourcesBuildPhase;
			buildActionMask = 2147483647;
			files = (
				1A68A3C9254A69210048E54F /* ViewController.swift in Sources */,
				1A68A3C5254A69210048E54F /* AppDelegate.swift in Sources */,
				1A68A3C7254A69210048E54F /* SceneDelegate.swift in Sources */,
			);
			runOnlyForDeploymentPostprocessing = 0;
		};
/* End PBXSourcesBuildPhase section */

/* Begin PBXVariantGroup section */
		1A68A3CA254A69210048E54F /* Main.storyboard */ = {
			isa = PBXVariantGroup;
			children = (
				1A68A3CB254A69210048E54F /* Base */,
			);
			name = Main.storyboard;
			sourceTree = "<group>";
		};
		1A68A3CF254A69240048E54F /* LaunchScreen.storyboard */ = {
			isa = PBXVariantGroup;
			children = (
				1A68A3D0254A69240048E54F /* Base */,
			);
			name = LaunchScreen.storyboard;
			sourceTree = "<group>";
		};
/* End PBXVariantGroup section */

/* Begin XCBuildConfiguration section */
		1A68A3D3254A69240048E54F /* Debug */ = {
			isa = XCBuildConfiguration;
			buildSettings = {
				ALWAYS_SEARCH_USER_PATHS = NO;
				CLANG_ANALYZER_NONNULL = YES;
				CLANG_ANALYZER_NUMBER_OBJECT_CONVERSION = YES_AGGRESSIVE;
				CLANG_CXX_LANGUAGE_STANDARD = "gnu++14";
				CLANG_CXX_LIBRARY = "libc++";
				CLANG_ENABLE_MODULES = YES;
				CLANG_ENABLE_OBJC_ARC = YES;
				CLANG_ENABLE_OBJC_WEAK = YES;
				CLANG_WARN_BLOCK_CAPTURE_AUTORELEASING = YES;
				CLANG_WARN_BOOL_CONVERSION = YES;
				CLANG_WARN_COMMA = YES;
				CLANG_WARN_CONSTANT_CONVERSION = YES;
				CLANG_WARN_DEPRECATED_OBJC_IMPLEMENTATIONS = YES;
				CLANG_WARN_DIRECT_OBJC_ISA_USAGE = YES_ERROR;
				CLANG_WARN_DOCUMENTATION_COMMENTS = YES;
				CLANG_WARN_EMPTY_BODY = YES;
				CLANG_WARN_ENUM_CONVERSION = YES;
				CLANG_WARN_INFINITE_RECURSION = YES;
				CLANG_WARN_INT_CONVERSION = YES;
				CLANG_WARN_NON_LITERAL_NULL_CONVERSION = YES;
				CLANG_WARN_OBJC_IMPLICIT_RETAIN_SELF = YES;
				CLANG_WARN_OBJC_LITERAL_CONVERSION = YES;
				CLANG_WARN_OBJC_ROOT_CLASS = YES_ERROR;
				CLANG_WARN_RANGE_LOOP_ANALYSIS = YES;
				CLANG_WARN_STRICT_PROTOTYPES = YES;
				CLANG_WARN_SUSPICIOUS_MOVE = YES;
				CLANG_WARN_UNGUARDED_AVAILABILITY = YES_AGGRESSIVE;
				CLANG_WARN_UNREACHABLE_CODE = YES;
				CLANG_WARN__DUPLICATE_METHOD_MATCH = YES;
				COPY_PHASE_STRIP = NO;
				DEBUG_INFORMATION_FORMAT = dwarf;
				ENABLE_STRICT_OBJC_MSGSEND = YES;
				ENABLE_TESTABILITY = YES;
				GCC_C_LANGUAGE_STANDARD = gnu11;
				GCC_DYNAMIC_NO_PIC = NO;
				GCC_NO_COMMON_BLOCKS = YES;
				GCC_OPTIMIZATION_LEVEL = 0;
				GCC_PREPROCESSOR_DEFINITIONS = (
					"DEBUG=1",
					"$(inherited)",
				);
				GCC_WARN_64_TO_32_BIT_CONVERSION = YES;
				GCC_WARN_ABOUT_RETURN_TYPE = YES_ERROR;
				GCC_WARN_UNDECLARED_SELECTOR = YES;
				GCC_WARN_UNINITIALIZED_AUTOS = YES_AGGRESSIVE;
				GCC_WARN_UNUSED_FUNCTION = YES;
				GCC_WARN_UNUSED_VARIABLE = YES;
				IPHONEOS_DEPLOYMENT_TARGET = 13.6;
				MTL_ENABLE_DEBUG_INFO = INCLUDE_SOURCE;
				MTL_FAST_MATH = YES;
				ONLY_ACTIVE_ARCH = YES;
				SDKROOT = iphoneos;
				SWIFT_ACTIVE_COMPILATION_CONDITIONS = DEBUG;
				SWIFT_OPTIMIZATION_LEVEL = "-Onone";
			};
			name = Debug;
		};
		1A68A3D4254A69240048E54F /* Release */ = {
			isa = XCBuildConfiguration;
			buildSettings = {
				ALWAYS_SEARCH_USER_PATHS = NO;
				CLANG_ANALYZER_NONNULL = YES;
				CLANG_ANALYZER_NUMBER_OBJECT_CONVERSION = YES_AGGRESSIVE;
				CLANG_CXX_LANGUAGE_STANDARD = "gnu++14";
				CLANG_CXX_LIBRARY = "libc++";
				CLANG_ENABLE_MODULES = YES;
				CLANG_ENABLE_OBJC_ARC = YES;
				CLANG_ENABLE_OBJC_WEAK = YES;
				CLANG_WARN_BLOCK_CAPTURE_AUTORELEASING = YES;
				CLANG_WARN_BOOL_CONVERSION = YES;
				CLANG_WARN_COMMA = YES;
				CLANG_WARN_CONSTANT_CONVERSION = YES;
				CLANG_WARN_DEPRECATED_OBJC_IMPLEMENTATIONS = YES;
				CLANG_WARN_DIRECT_OBJC_ISA_USAGE = YES_ERROR;
				CLANG_WARN_DOCUMENTATION_COMMENTS = YES;
				CLANG_WARN_EMPTY_BODY = YES;
				CLANG_WARN_ENUM_CONVERSION = YES;
				CLANG_WARN_INFINITE_RECURSION = YES;
				CLANG_WARN_INT_CONVERSION = YES;
				CLANG_WARN_NON_LITERAL_NULL_CONVERSION = YES;
				CLANG_WARN_OBJC_IMPLICIT_RETAIN_SELF = YES;
				CLANG_WARN_OBJC_LITERAL_CONVERSION = YES;
				CLANG_WARN_OBJC_ROOT_CLASS = YES_ERROR;
				CLANG_WARN_RANGE_LOOP_ANALYSIS = YES;
				CLANG_WARN_STRICT_PROTOTYPES = YES;
				CLANG_WARN_SUSPICIOUS_MOVE = YES;
				CLANG_WARN_UNGUARDED_AVAILABILITY = YES_AGGRESSIVE;
				CLANG_WARN_UNREACHABLE_CODE = YES;
				CLANG_WARN__DUPLICATE_METHOD_MATCH = YES;
				COPY_PHASE_STRIP = NO;
				DEBUG_INFORMATION_FORMAT = "dwarf-with-dsym";
				ENABLE_NS_ASSERTIONS = NO;
				ENABLE_STRICT_OBJC_MSGSEND = YES;
				GCC_C_LANGUAGE_STANDARD = gnu11;
				GCC_NO_COMMON_BLOCKS = YES;
				GCC_WARN_64_TO_32_BIT_CONVERSION = YES;
				GCC_WARN_ABOUT_RETURN_TYPE = YES_ERROR;
				GCC_WARN_UNDECLARED_SELECTOR = YES;
				GCC_WARN_UNINITIALIZED_AUTOS = YES_AGGRESSIVE;
				GCC_WARN_UNUSED_FUNCTION = YES;
				GCC_WARN_UNUSED_VARIABLE = YES;
				IPHONEOS_DEPLOYMENT_TARGET = 13.6;
				MTL_ENABLE_DEBUG_INFO = NO;
				MTL_FAST_MATH = YES;
				SDKROOT = iphoneos;
				SWIFT_COMPILATION_MODE = wholemodule;
				SWIFT_OPTIMIZATION_LEVEL = "-O";
				VALIDATE_PRODUCT = YES;
			};
			name = Release;
		};
		1A68A3D6254A69240048E54F /* Debug */ = {
			isa = XCBuildConfiguration;
			buildSettings = {
				ASSETCATALOG_COMPILER_APPICON_NAME = AppIcon;
				CODE_SIGN_STYLE = Automatic;
				DEVELOPMENT_TEAM = 4299CL6M2Z;
				INFOPLIST_FILE = SuperAppDemo/Info.plist;
				LD_RUNPATH_SEARCH_PATHS = (
					"$(inherited)",
					"@executable_path/Frameworks",
				);
				PRODUCT_BUNDLE_IDENTIFIER = vn.teko.SuperAppDemo;
				PRODUCT_NAME = "$(TARGET_NAME)";
				SWIFT_VERSION = 5.0;
				TARGETED_DEVICE_FAMILY = "1,2";
			};
			name = Debug;
		};
		1A68A3D7254A69240048E54F /* Release */ = {
			isa = XCBuildConfiguration;
			buildSettings = {
				ASSETCATALOG_COMPILER_APPICON_NAME = AppIcon;
				CODE_SIGN_STYLE = Automatic;
				DEVELOPMENT_TEAM = 4299CL6M2Z;
				INFOPLIST_FILE = SuperAppDemo/Info.plist;
				LD_RUNPATH_SEARCH_PATHS = (
					"$(inherited)",
					"@executable_path/Frameworks",
				);
				PRODUCT_BUNDLE_IDENTIFIER = vn.teko.SuperAppDemo;
				PRODUCT_NAME = "$(TARGET_NAME)";
				SWIFT_VERSION = 5.0;
				TARGETED_DEVICE_FAMILY = "1,2";
			};
			name = Release;
		};
/* End XCBuildConfiguration section */

/* Begin XCConfigurationList section */
		1A68A3BC254A69210048E54F /* Build configuration list for PBXProject "SuperAppDemo" */ = {
			isa = XCConfigurationList;
			buildConfigurations = (
				1A68A3D3254A69240048E54F /* Debug */,
				1A68A3D4254A69240048E54F /* Release */,
			);
			defaultConfigurationIsVisible = 0;
			defaultConfigurationName = Release;
		};
		1A68A3D5254A69240048E54F /* Build configuration list for PBXNativeTarget "SuperAppDemo" */ = {
			isa = XCConfigurationList;
			buildConfigurations = (
				1A68A3D6254A69240048E54F /* Debug */,
				1A68A3D7254A69240048E54F /* Release */,
			);
			defaultConfigurationIsVisible = 0;
			defaultConfigurationName = Release;
		};
/* End XCConfigurationList section */
	};
	rootObject = 1A68A3B9254A69210048E54F /* Project object */;
}
